2
git https://github.com/hexops/mach-glfw commit-74b0c807b84730473bc7811ac89dbdbcf0c6d29e
git https://github.com/hexops/mach-glfw commit-74b0c807b84730473bc7811ac89dbdbcf0c6d29e
git https://github.com/hexops/mach-glfw commit-74b0c807b84730473bc7811ac89dbdbcf0c6d29e
git https://github.com/kooparse/zalgebra commit-c70af001683b1948021169df43ca809ebf15addf
git https://github.com/kooparse/zalgebra commit-c70af001683b1948021169df43ca809ebf15addf
git https://github.com/zigimg/zigimg commit-fa4639b223a8634778cde963cb5ebfd639c84e74
