2
git https://github.com/kooparse/zalgebra commit-a13963225f01e78ea6f432c216063ba30f190442
git https://github.com/MasterQ32/zig-opengl commit-6363b2b97fd650346b929bd31cc69c7b5945572f
git https://github.com/zigimg/zigimg commit-d480d7685d89f75c105fab7fd43af109ab072b14
git https://github.com/SpexGuy/Zig-Tracy commit-30db753bb2c053d1abe8eec1dbb1cdfabe489143
git https://github.com/hexops/mach-glfw commit-958d2ad7ca6eeae97d30af4a75db896d4a6c4fb8
git https://github.com/kooparse/zalgebra commit-a13963225f01e78ea6f432c216063ba30f190442
git https://github.com/MasterQ32/zig-opengl commit-6363b2b97fd650346b929bd31cc69c7b5945572f
git https://github.com/SpexGuy/Zig-Tracy commit-30db753bb2c053d1abe8eec1dbb1cdfabe489143
git https://github.com/hexops/mach-glfw commit-958d2ad7ca6eeae97d30af4a75db896d4a6c4fb8
git https://github.com/hexops/mach-glfw commit-958d2ad7ca6eeae97d30af4a75db896d4a6c4fb8
