2
git https://github.com/kooparse/zalgebra commit-3e49fb9959710807fe0621dbbceef1eed0fd2ab5
git https://github.com/MasterQ32/zig-opengl commit-6363b2b97fd650346b929bd31cc69c7b5945572f
git https://github.com/zigimg/zigimg commit-ed46298464cdef9f7aa97ae1d817bf621424419a
git https://github.com/SpexGuy/Zig-Tracy commit-30db753bb2c053d1abe8eec1dbb1cdfabe489143
git https://github.com/hexops/mach-glfw commit-dae779de57593bcc689f55af17ae95eb0513b918
git https://github.com/kooparse/zalgebra commit-3e49fb9959710807fe0621dbbceef1eed0fd2ab5
git https://github.com/MasterQ32/zig-opengl commit-6363b2b97fd650346b929bd31cc69c7b5945572f
git https://github.com/SpexGuy/Zig-Tracy commit-30db753bb2c053d1abe8eec1dbb1cdfabe489143
git https://github.com/hexops/mach-glfw commit-dae779de57593bcc689f55af17ae95eb0513b918
git https://github.com/hexops/mach-glfw commit-dae779de57593bcc689f55af17ae95eb0513b918
